
Microsoft Visual Studio Solution File, Format Version 12.00
# Visual Studio 2012
Project("{FAE04EC0-301F-11D3-BF4B-00C04F79EFBC}") = "SportStore.Domain", "SportStore.Domain\SportStore.Domain.csproj", "{6787DE2D-42BB-4DCF-85C3-2A45A8A88E4D}"
EndProject
Project("{FAE04EC0-301F-11D3-BF4B-00C04F79EFBC}") = "SportStore.WebUI", "SportStore.WebUI\SportStore.WebUI.csproj", "{DEA59575-AD10-48DA-8575-27BFD12199AB}"
EndProject
Project("{FAE04EC0-301F-11D3-BF4B-00C04F79EFBC}") = "SportStore.UnitTests", "SportStore.UnitTests\SportStore.UnitTests.csproj", "{1BECBDDA-4C3F-4A49-9D97-B52329CA6182}"
EndProject
Global
	GlobalSection(SolutionConfigurationPlatforms) = preSolution
		Debug|Any CPU = Debug|Any CPU
		Release|Any CPU = Release|Any CPU
	EndGlobalSection
	GlobalSection(ProjectConfigurationPlatforms) = postSolution
		{6787DE2D-42BB-4DCF-85C3-2A45A8A88E4D}.Debug|Any CPU.ActiveCfg = Debug|Any CPU
		{6787DE2D-42BB-4DCF-85C3-2A45A8A88E4D}.Debug|Any CPU.Build.0 = Debug|Any CPU
		{6787DE2D-42BB-4DCF-85C3-2A45A8A88E4D}.Release|Any CPU.ActiveCfg = Release|Any CPU
		{6787DE2D-42BB-4DCF-85C3-2A45A8A88E4D}.Release|Any CPU.Build.0 = Release|Any CPU
		{DEA59575-AD10-48DA-8575-27BFD12199AB}.Debug|Any CPU.ActiveCfg = Debug|Any CPU
		{DEA59575-AD10-48DA-8575-27BFD12199AB}.Debug|Any CPU.Build.0 = Debug|Any CPU
		{DEA59575-AD10-48DA-8575-27BFD12199AB}.Release|Any CPU.ActiveCfg = Release|Any CPU
		{DEA59575-AD10-48DA-8575-27BFD12199AB}.Release|Any CPU.Build.0 = Release|Any CPU
		{1BECBDDA-4C3F-4A49-9D97-B52329CA6182}.Debug|Any CPU.ActiveCfg = Debug|Any CPU
		{1BECBDDA-4C3F-4A49-9D97-B52329CA6182}.Debug|Any CPU.Build.0 = Debug|Any CPU
		{1BECBDDA-4C3F-4A49-9D97-B52329CA6182}.Release|Any CPU.ActiveCfg = Release|Any CPU
		{1BECBDDA-4C3F-4A49-9D97-B52329CA6182}.Release|Any CPU.Build.0 = Release|Any CPU
	EndGlobalSection
	GlobalSection(SolutionProperties) = preSolution
		HideSolutionNode = FALSE
	EndGlobalSection
EndGlobal
